
Microsoft Visual Studio Solution File, Format Version 12.00
# Visual Studio Version 17
VisualStudioVersion = 17.2.32602.215
MinimumVisualStudioVersion = 10.0.40219.1
Project("{FAE04EC0-301F-11D3-BF4B-00C04F79EFBC}") = "Demo", "Demo\Demo.csproj", "{07ABC9FA-CC3C-4182-A75C-C3FCD0652744}"
EndProject
Global
	GlobalSection(SolutionConfigurationPlatforms) = preSolution
		Debug|Any CPU = Debug|Any CPU
		Release|Any CPU = Release|Any CPU
	EndGlobalSection
	GlobalSection(ProjectConfigurationPlatforms) = postSolution
		{07ABC9FA-CC3C-4182-A75C-C3FCD0652744}.Debug|Any CPU.ActiveCfg = Debug|Any CPU
		{07ABC9FA-CC3C-4182-A75C-C3FCD0652744}.Debug|Any CPU.Build.0 = Debug|Any CPU
		{07ABC9FA-CC3C-4182-A75C-C3FCD0652744}.Release|Any CPU.ActiveCfg = Release|Any CPU
		{07ABC9FA-CC3C-4182-A75C-C3FCD0652744}.Release|Any CPU.Build.0 = Release|Any CPU
	EndGlobalSection
	GlobalSection(SolutionProperties) = preSolution
		HideSolutionNode = FALSE
	EndGlobalSection
	GlobalSection(ExtensibilityGlobals) = postSolution
		SolutionGuid = {F00B200C-58D9-4119-A67C-F30A5C92BEE3}
	EndGlobalSection
EndGlobal
